// !$*UTF8*$!
{
	archiveVersion = 1;
	classes = {
	};
	objectVersion = 56;
	objects = {

/* Begin PBXBuildFile section */
		B23935162C0DDF180072CC1D /* BitcoinApp.swift in Sources */ = {isa = PBXBuildFile; fileRef = B23935152C0DDF180072CC1D /* BitcoinApp.swift */; };
		B23935182C0DDF180072CC1D /* ContentView.swift in Sources */ = {isa = PBXBuildFile; fileRef = B23935172C0DDF180072CC1D /* ContentView.swift */; };
		B239351A2C0DDF1A0072CC1D /* Assets.xcassets in Resources */ = {isa = PBXBuildFile; fileRef = B23935192C0DDF1A0072CC1D /* Assets.xcassets */; };
		B239351D2C0DDF1A0072CC1D /* Preview Assets.xcassets in Resources */ = {isa = PBXBuildFile; fileRef = B239351C2C0DDF1A0072CC1D /* Preview Assets.xcassets */; };
		B23935252C0DDF290072CC1D /* Lottie in Frameworks */ = {isa = PBXBuildFile; productRef = B23935242C0DDF290072CC1D /* Lottie */; };
		B23935272C0DDF380072CC1D /* LottieView.swift in Sources */ = {isa = PBXBuildFile; fileRef = B23935262C0DDF380072CC1D /* LottieView.swift */; };
		B23935292C0DDF440072CC1D /* BannerAds.swift in Sources */ = {isa = PBXBuildFile; fileRef = B23935282C0DDF440072CC1D /* BannerAds.swift */; };
		B239352B2C0DDF4C0072CC1D /* MainBasic.swift in Sources */ = {isa = PBXBuildFile; fileRef = B239352A2C0DDF4C0072CC1D /* MainBasic.swift */; };
		B239352D2C0DDF530072CC1D /* MainIntermediate.swift in Sources */ = {isa = PBXBuildFile; fileRef = B239352C2C0DDF530072CC1D /* MainIntermediate.swift */; };
		B239352F2C0DDF5D0072CC1D /* MainAdvance.swift in Sources */ = {isa = PBXBuildFile; fileRef = B239352E2C0DDF5D0072CC1D /* MainAdvance.swift */; };
		B23935362C0E35AE0072CC1D /* B1_intro.swift in Sources */ = {isa = PBXBuildFile; fileRef = B23935352C0E35AE0072CC1D /* B1_intro.swift */; };
		B23935382C0E35B60072CC1D /* b2_history.swift in Sources */ = {isa = PBXBuildFile; fileRef = B23935372C0E35B60072CC1D /* b2_history.swift */; };
		B239353A2C0E35C50072CC1D /* B3_who_is_santoshi_nakamoto.swift in Sources */ = {isa = PBXBuildFile; fileRef = B23935392C0E35C50072CC1D /* B3_who_is_santoshi_nakamoto.swift */; };
		B239353C2C0E35DA0072CC1D /* B4_what_is_crypto.swift in Sources */ = {isa = PBXBuildFile; fileRef = B239353B2C0E35DA0072CC1D /* B4_what_is_crypto.swift */; };
		B239353E2C0E35E70072CC1D /* B5_what_is_blockchain.swift in Sources */ = {isa = PBXBuildFile; fileRef = B239353D2C0E35E70072CC1D /* B5_what_is_blockchain.swift */; };
		B23935402C0E363F0072CC1D /* B6_bitcoin_minning.swift in Sources */ = {isa = PBXBuildFile; fileRef = B239353F2C0E363F0072CC1D /* B6_bitcoin_minning.swift */; };
		B23935422C0E366B0072CC1D /* B7_bitcoin_sell.swift in Sources */ = {isa = PBXBuildFile; fileRef = B23935412C0E366B0072CC1D /* B7_bitcoin_sell.swift */; };
		B23935442C0E36860072CC1D /* B8_adv_dis.swift in Sources */ = {isa = PBXBuildFile; fileRef = B23935432C0E36860072CC1D /* B8_adv_dis.swift */; };
		B23935462C0E369A0072CC1D /* B9_bitcoin_application.swift in Sources */ = {isa = PBXBuildFile; fileRef = B23935452C0E369A0072CC1D /* B9_bitcoin_application.swift */; };
		B23935482C0E36B10072CC1D /* B10_bitcoin_future.swift in Sources */ = {isa = PBXBuildFile; fileRef = B23935472C0E36B10072CC1D /* B10_bitcoin_future.swift */; };
		B239354A2C0E36B90072CC1D /* B11_fact.swift in Sources */ = {isa = PBXBuildFile; fileRef = B23935492C0E36B90072CC1D /* B11_fact.swift */; };
		B239354C2C103C040072CC1D /* I1_what_is_bitcoin.swift in Sources */ = {isa = PBXBuildFile; fileRef = B239354B2C103C040072CC1D /* I1_what_is_bitcoin.swift */; };
		B239354E2C103C150072CC1D /* I2_the_problem_bitcoin.swift in Sources */ = {isa = PBXBuildFile; fileRef = B239354D2C103C150072CC1D /* I2_the_problem_bitcoin.swift */; };
		B23935502C103C220072CC1D /* I3_decentralized.swift in Sources */ = {isa = PBXBuildFile; fileRef = B239354F2C103C220072CC1D /* I3_decentralized.swift */; };
		B23935522C103C300072CC1D /* I4_blockchain.swift in Sources */ = {isa = PBXBuildFile; fileRef = B23935512C103C300072CC1D /* I4_blockchain.swift */; };
		B23935542C103C3C0072CC1D /* I5_proof_of_work.swift in Sources */ = {isa = PBXBuildFile; fileRef = B23935532C103C3C0072CC1D /* I5_proof_of_work.swift */; };
		B23935562C103C460072CC1D /* I6_wallets.swift in Sources */ = {isa = PBXBuildFile; fileRef = B23935552C103C460072CC1D /* I6_wallets.swift */; };
		B23935582C103C530072CC1D /* I7_transaction.swift in Sources */ = {isa = PBXBuildFile; fileRef = B23935572C103C530072CC1D /* I7_transaction.swift */; };
		B239355A2C103C5F0072CC1D /* I8_supply.swift in Sources */ = {isa = PBXBuildFile; fileRef = B23935592C103C5F0072CC1D /* I8_supply.swift */; };
		B239355C2C103C6E0072CC1D /* I9_security.swift in Sources */ = {isa = PBXBuildFile; fileRef = B239355B2C103C6E0072CC1D /* I9_security.swift */; };
		B239355E2C103C7A0072CC1D /* I10_altcoin.swift in Sources */ = {isa = PBXBuildFile; fileRef = B239355D2C103C7A0072CC1D /* I10_altcoin.swift */; };
		B23935602C103CE60072CC1D /* I11_archtechture.swift in Sources */ = {isa = PBXBuildFile; fileRef = B239355F2C103CE60072CC1D /* I11_archtechture.swift */; };
		B23935622C103CF30072CC1D /* i12_cryptography.swift in Sources */ = {isa = PBXBuildFile; fileRef = B23935612C103CF30072CC1D /* i12_cryptography.swift */; };
		B23935642C103D030072CC1D /* I13_hashing_function.swift in Sources */ = {isa = PBXBuildFile; fileRef = B23935632C103D030072CC1D /* I13_hashing_function.swift */; };
		B23935662C103D120072CC1D /* I14_merkle_tree.swift in Sources */ = {isa = PBXBuildFile; fileRef = B23935652C103D120072CC1D /* I14_merkle_tree.swift */; };
		B23935682C103D240072CC1D /* I15_difficult_adjustment.swift in Sources */ = {isa = PBXBuildFile; fileRef = B23935672C103D240072CC1D /* I15_difficult_adjustment.swift */; };
		B239356A2C103D310072CC1D /* I16_scalability.swift in Sources */ = {isa = PBXBuildFile; fileRef = B23935692C103D310072CC1D /* I16_scalability.swift */; };
		B239356C2C103D3C0072CC1D /* I17_smart_contract.swift in Sources */ = {isa = PBXBuildFile; fileRef = B239356B2C103D3C0072CC1D /* I17_smart_contract.swift */; };
		B239356E2C103D480072CC1D /* I18_forks.swift in Sources */ = {isa = PBXBuildFile; fileRef = B239356D2C103D480072CC1D /* I18_forks.swift */; };
		B23935702C103D530072CC1D /* I19_nodes.swift in Sources */ = {isa = PBXBuildFile; fileRef = B239356F2C103D530072CC1D /* I19_nodes.swift */; };
		B23935722C103D5C0072CC1D /* I20_regulation.swift in Sources */ = {isa = PBXBuildFile; fileRef = B23935712C103D5C0072CC1D /* I20_regulation.swift */; };
		B23935742C103E000072CC1D /* A1_monetory.swift in Sources */ = {isa = PBXBuildFile; fileRef = B23935732C103E000072CC1D /* A1_monetory.swift */; };
		B23935762C103E0C0072CC1D /* A2_store.swift in Sources */ = {isa = PBXBuildFile; fileRef = B23935752C103E0C0072CC1D /* A2_store.swift */; };
		B23935782C103E170072CC1D /* A3_medium.swift in Sources */ = {isa = PBXBuildFile; fileRef = B23935772C103E170072CC1D /* A3_medium.swift */; };
		B239357A2C103E220072CC1D /* A4_network_effect.swift in Sources */ = {isa = PBXBuildFile; fileRef = B23935792C103E220072CC1D /* A4_network_effect.swift */; };
		B239357C2C103E300072CC1D /* A5_austrain.swift in Sources */ = {isa = PBXBuildFile; fileRef = B239357B2C103E300072CC1D /* A5_austrain.swift */; };
		B239357E2C103E420072CC1D /* A6_deflationary.swift in Sources */ = {isa = PBXBuildFile; fileRef = B239357D2C103E420072CC1D /* A6_deflationary.swift */; };
		B23935802C103E4D0072CC1D /* A7_bubbles.swift in Sources */ = {isa = PBXBuildFile; fileRef = B239357F2C103E4D0072CC1D /* A7_bubbles.swift */; };
		B23935822C103E580072CC1D /* A8_minning.swift in Sources */ = {isa = PBXBuildFile; fileRef = B23935812C103E580072CC1D /* A8_minning.swift */; };
		B23935842C103E620072CC1D /* A9_final.swift in Sources */ = {isa = PBXBuildFile; fileRef = B23935832C103E620072CC1D /* A9_final.swift */; };
		B23935862C103E700072CC1D /* A10_the_future.swift in Sources */ = {isa = PBXBuildFile; fileRef = B23935852C103E700072CC1D /* A10_the_future.swift */; };
		B23935882C103F910072CC1D /* A11_privacy.swift in Sources */ = {isa = PBXBuildFile; fileRef = B23935872C103F910072CC1D /* A11_privacy.swift */; };
		B239358A2C103F9D0072CC1D /* A12_quantum.swift in Sources */ = {isa = PBXBuildFile; fileRef = B23935892C103F9D0072CC1D /* A12_quantum.swift */; };
		B239358C2C103FAA0072CC1D /* A13_security.swift in Sources */ = {isa = PBXBuildFile; fileRef = B239358B2C103FAA0072CC1D /* A13_security.swift */; };
		B239358E2C103FB20072CC1D /* A14_tax.swift in Sources */ = {isa = PBXBuildFile; fileRef = B239358D2C103FB20072CC1D /* A14_tax.swift */; };
		B23935902C103FBD0072CC1D /* A15_minning.swift in Sources */ = {isa = PBXBuildFile; fileRef = B239358F2C103FBD0072CC1D /* A15_minning.swift */; };
		B23935922C103FC90072CC1D /* A16_cloud.swift in Sources */ = {isa = PBXBuildFile; fileRef = B23935912C103FC90072CC1D /* A16_cloud.swift */; };
		B23935942C103FD80072CC1D /* A17-derivatives.swift in Sources */ = {isa = PBXBuildFile; fileRef = B23935932C103FD80072CC1D /* A17-derivatives.swift */; };
		B23935962C103FEE0072CC1D /* A18_non_fungable.swift in Sources */ = {isa = PBXBuildFile; fileRef = B23935952C103FEE0072CC1D /* A18_non_fungable.swift */; };
		B23935982C103FFD0072CC1D /* A19_decentralized.swift in Sources */ = {isa = PBXBuildFile; fileRef = B23935972C103FFD0072CC1D /* A19_decentralized.swift */; };
		B239359A2C10400E0072CC1D /* A20_the_philosophy.swift in Sources */ = {isa = PBXBuildFile; fileRef = B23935992C10400E0072CC1D /* A20_the_philosophy.swift */; };
		B239359C2C10401B0072CC1D /* A21_famous.swift in Sources */ = {isa = PBXBuildFile; fileRef = B239359B2C10401B0072CC1D /* A21_famous.swift */; };
		B239359E2C1040250072CC1D /* A22_real_world.swift in Sources */ = {isa = PBXBuildFile; fileRef = B239359D2C1040250072CC1D /* A22_real_world.swift */; };
		B23935A02C10402E0072CC1D /* A23_env.swift in Sources */ = {isa = PBXBuildFile; fileRef = B239359F2C10402E0072CC1D /* A23_env.swift */; };
		B23935A22C1040410072CC1D /* A24_the_futu.swift in Sources */ = {isa = PBXBuildFile; fileRef = B23935A12C1040410072CC1D /* A24_the_futu.swift */; };
		B23935A42C10404E0072CC1D /* A25_ethical.swift in Sources */ = {isa = PBXBuildFile; fileRef = B23935A32C10404E0072CC1D /* A25_ethical.swift */; };
		B29434532C43D163004C7C1E /* SStext.swift in Sources */ = {isa = PBXBuildFile; fileRef = B29434522C43D163004C7C1E /* SStext.swift */; };
		B29434552C43D333004C7C1E /* Text8.swift in Sources */ = {isa = PBXBuildFile; fileRef = B29434542C43D333004C7C1E /* Text8.swift */; };
		B29434572C43D468004C7C1E /* Text6.swift in Sources */ = {isa = PBXBuildFile; fileRef = B29434562C43D468004C7C1E /* Text6.swift */; };
		B29434592C43D50B004C7C1E /* Text7.swift in Sources */ = {isa = PBXBuildFile; fileRef = B29434582C43D50B004C7C1E /* Text7.swift */; };
		B294345B2C43D66C004C7C1E /* Text9.swift in Sources */ = {isa = PBXBuildFile; fileRef = B294345A2C43D66C004C7C1E /* Text9.swift */; };
		B2D162722C186B63007B0F31 /* Demo.swift in Sources */ = {isa = PBXBuildFile; fileRef = B2D162712C186B63007B0F31 /* Demo.swift */; };
		B2D1673C2C244DDB007B0F31 /* Head.swift in Sources */ = {isa = PBXBuildFile; fileRef = B2D1673B2C244DDB007B0F31 /* Head.swift */; };
		B2D1673E2C244DFE007B0F31 /* Stext.swift in Sources */ = {isa = PBXBuildFile; fileRef = B2D1673D2C244DFE007B0F31 /* Stext.swift */; };
		B2D167482C255F67007B0F31 /* Text4.swift in Sources */ = {isa = PBXBuildFile; fileRef = B2D167472C255F67007B0F31 /* Text4.swift */; };
		B2D1674A2C25612E007B0F31 /* Text5.swift in Sources */ = {isa = PBXBuildFile; fileRef = B2D167492C25612E007B0F31 /* Text5.swift */; };
		B2D167832C30FEEA007B0F31 /* HapticFeedbackManager.swift in Sources */ = {isa = PBXBuildFile; fileRef = B2D167822C30FEEA007B0F31 /* HapticFeedbackManager.swift */; };
		B2D167892C33A0DE007B0F31 /* LinkView.swift in Sources */ = {isa = PBXBuildFile; fileRef = B2D167882C33A0DE007B0F31 /* LinkView.swift */; };
		B2DD15A52C142DA900AF3D3B /* ItemRow.swift in Sources */ = {isa = PBXBuildFile; fileRef = B2DD15A42C142DA900AF3D3B /* ItemRow.swift */; };
		B2DD15AB2C142DDF00AF3D3B /* Item.swift in Sources */ = {isa = PBXBuildFile; fileRef = B2DD15AA2C142DDF00AF3D3B /* Item.swift */; };
		B2DD15AF2C142E1300AF3D3B /* ItemContainer.swift in Sources */ = {isa = PBXBuildFile; fileRef = B2DD15AE2C142E1300AF3D3B /* ItemContainer.swift */; };
		B2DD15B12C14686400AF3D3B /* Text1.swift in Sources */ = {isa = PBXBuildFile; fileRef = B2DD15B02C14686400AF3D3B /* Text1.swift */; };
		B2DD15B32C14686A00AF3D3B /* Text2.swift in Sources */ = {isa = PBXBuildFile; fileRef = B2DD15B22C14686A00AF3D3B /* Text2.swift */; };
		B2DD15B52C14687200AF3D3B /* Text3.swift in Sources */ = {isa = PBXBuildFile; fileRef = B2DD15B42C14687200AF3D3B /* Text3.swift */; };
/* End PBXBuildFile section */

/* Begin PBXFileReference section */
		B23935122C0DDF180072CC1D /* Bitcoin.app */ = {isa = PBXFileReference; explicitFileType = wrapper.application; includeInIndex = 0; path = Bitcoin.app; sourceTree = BUILT_PRODUCTS_DIR; };
		B23935152C0DDF180072CC1D /* BitcoinApp.swift */ = {isa = PBXFileReference; lastKnownFileType = sourcecode.swift; path = BitcoinApp.swift; sourceTree = "<group>"; };
		B23935172C0DDF180072CC1D /* ContentView.swift */ = {isa = PBXFileReference; lastKnownFileType = sourcecode.swift; path = ContentView.swift; sourceTree = "<group>"; };
		B23935192C0DDF1A0072CC1D /* Assets.xcassets */ = {isa = PBXFileReference; lastKnownFileType = folder.assetcatalog; path = Assets.xcassets; sourceTree = "<group>"; };
		B239351C2C0DDF1A0072CC1D /* Preview Assets.xcassets */ = {isa = PBXFileReference; lastKnownFileType = folder.assetcatalog; path = "Preview Assets.xcassets"; sourceTree = "<group>"; };
		B23935262C0DDF380072CC1D /* LottieView.swift */ = {isa = PBXFileReference; lastKnownFileType = sourcecode.swift; path = LottieView.swift; sourceTree = "<group>"; };
		B23935282C0DDF440072CC1D /* BannerAds.swift */ = {isa = PBXFileReference; lastKnownFileType = sourcecode.swift; path = BannerAds.swift; sourceTree = "<group>"; };
		B239352A2C0DDF4C0072CC1D /* MainBasic.swift */ = {isa = PBXFileReference; lastKnownFileType = sourcecode.swift; path = MainBasic.swift; sourceTree = "<group>"; };
		B239352C2C0DDF530072CC1D /* MainIntermediate.swift */ = {isa = PBXFileReference; lastKnownFileType = sourcecode.swift; path = MainIntermediate.swift; sourceTree = "<group>"; };
		B239352E2C0DDF5D0072CC1D /* MainAdvance.swift */ = {isa = PBXFileReference; lastKnownFileType = sourcecode.swift; path = MainAdvance.swift; sourceTree = "<group>"; };
		B23935352C0E35AE0072CC1D /* B1_intro.swift */ = {isa = PBXFileReference; lastKnownFileType = sourcecode.swift; path = B1_intro.swift; sourceTree = "<group>"; };
		B23935372C0E35B60072CC1D /* b2_history.swift */ = {isa = PBXFileReference; lastKnownFileType = sourcecode.swift; path = b2_history.swift; sourceTree = "<group>"; };
		B23935392C0E35C50072CC1D /* B3_who_is_santoshi_nakamoto.swift */ = {isa = PBXFileReference; lastKnownFileType = sourcecode.swift; path = B3_who_is_santoshi_nakamoto.swift; sourceTree = "<group>"; };
		B239353B2C0E35DA0072CC1D /* B4_what_is_crypto.swift */ = {isa = PBXFileReference; lastKnownFileType = sourcecode.swift; path = B4_what_is_crypto.swift; sourceTree = "<group>"; };
		B239353D2C0E35E70072CC1D /* B5_what_is_blockchain.swift */ = {isa = PBXFileReference; lastKnownFileType = sourcecode.swift; path = B5_what_is_blockchain.swift; sourceTree = "<group>"; };
		B239353F2C0E363F0072CC1D /* B6_bitcoin_minning.swift */ = {isa = PBXFileReference; lastKnownFileType = sourcecode.swift; path = B6_bitcoin_minning.swift; sourceTree = "<group>"; };
		B23935412C0E366B0072CC1D /* B7_bitcoin_sell.swift */ = {isa = PBXFileReference; lastKnownFileType = sourcecode.swift; path = B7_bitcoin_sell.swift; sourceTree = "<group>"; };
		B23935432C0E36860072CC1D /* B8_adv_dis.swift */ = {isa = PBXFileReference; lastKnownFileType = sourcecode.swift; path = B8_adv_dis.swift; sourceTree = "<group>"; };
		B23935452C0E369A0072CC1D /* B9_bitcoin_application.swift */ = {isa = PBXFileReference; lastKnownFileType = sourcecode.swift; path = B9_bitcoin_application.swift; sourceTree = "<group>"; };
		B23935472C0E36B10072CC1D /* B10_bitcoin_future.swift */ = {isa = PBXFileReference; lastKnownFileType = sourcecode.swift; path = B10_bitcoin_future.swift; sourceTree = "<group>"; };
		B23935492C0E36B90072CC1D /* B11_fact.swift */ = {isa = PBXFileReference; lastKnownFileType = sourcecode.swift; path = B11_fact.swift; sourceTree = "<group>"; };
		B239354B2C103C040072CC1D /* I1_what_is_bitcoin.swift */ = {isa = PBXFileReference; lastKnownFileType = sourcecode.swift; path = I1_what_is_bitcoin.swift; sourceTree = "<group>"; };
		B239354D2C103C150072CC1D /* I2_the_problem_bitcoin.swift */ = {isa = PBXFileReference; lastKnownFileType = sourcecode.swift; path = I2_the_problem_bitcoin.swift; sourceTree = "<group>"; };
		B239354F2C103C220072CC1D /* I3_decentralized.swift */ = {isa = PBXFileReference; lastKnownFileType = sourcecode.swift; path = I3_decentralized.swift; sourceTree = "<group>"; };
		B23935512C103C300072CC1D /* I4_blockchain.swift */ = {isa = PBXFileReference; lastKnownFileType = sourcecode.swift; path = I4_blockchain.swift; sourceTree = "<group>"; };
		B23935532C103C3C0072CC1D /* I5_proof_of_work.swift */ = {isa = PBXFileReference; lastKnownFileType = sourcecode.swift; path = I5_proof_of_work.swift; sourceTree = "<group>"; };
		B23935552C103C460072CC1D /* I6_wallets.swift */ = {isa = PBXFileReference; lastKnownFileType = sourcecode.swift; path = I6_wallets.swift; sourceTree = "<group>"; };
		B23935572C103C530072CC1D /* I7_transaction.swift */ = {isa = PBXFileReference; lastKnownFileType = sourcecode.swift; path = I7_transaction.swift; sourceTree = "<group>"; };
		B23935592C103C5F0072CC1D /* I8_supply.swift */ = {isa = PBXFileReference; lastKnownFileType = sourcecode.swift; path = I8_supply.swift; sourceTree = "<group>"; };
		B239355B2C103C6E0072CC1D /* I9_security.swift */ = {isa = PBXFileReference; lastKnownFileType = sourcecode.swift; path = I9_security.swift; sourceTree = "<group>"; };
		B239355D2C103C7A0072CC1D /* I10_altcoin.swift */ = {isa = PBXFileReference; lastKnownFileType = sourcecode.swift; path = I10_altcoin.swift; sourceTree = "<group>"; };
		B239355F2C103CE60072CC1D /* I11_archtechture.swift */ = {isa = PBXFileReference; lastKnownFileType = sourcecode.swift; path = I11_archtechture.swift; sourceTree = "<group>"; };
		B23935612C103CF30072CC1D /* i12_cryptography.swift */ = {isa = PBXFileReference; lastKnownFileType = sourcecode.swift; path = i12_cryptography.swift; sourceTree = "<group>"; };
		B23935632C103D030072CC1D /* I13_hashing_function.swift */ = {isa = PBXFileReference; lastKnownFileType = sourcecode.swift; path = I13_hashing_function.swift; sourceTree = "<group>"; };
		B23935652C103D120072CC1D /* I14_merkle_tree.swift */ = {isa = PBXFileReference; lastKnownFileType = sourcecode.swift; path = I14_merkle_tree.swift; sourceTree = "<group>"; };
		B23935672C103D240072CC1D /* I15_difficult_adjustment.swift */ = {isa = PBXFileReference; lastKnownFileType = sourcecode.swift; path = I15_difficult_adjustment.swift; sourceTree = "<group>"; };
		B23935692C103D310072CC1D /* I16_scalability.swift */ = {isa = PBXFileReference; lastKnownFileType = sourcecode.swift; path = I16_scalability.swift; sourceTree = "<group>"; };
		B239356B2C103D3C0072CC1D /* I17_smart_contract.swift */ = {isa = PBXFileReference; lastKnownFileType = sourcecode.swift; path = I17_smart_contract.swift; sourceTree = "<group>"; };
		B239356D2C103D480072CC1D /* I18_forks.swift */ = {isa = PBXFileReference; lastKnownFileType = sourcecode.swift; path = I18_forks.swift; sourceTree = "<group>"; };
		B239356F2C103D530072CC1D /* I19_nodes.swift */ = {isa = PBXFileReference; lastKnownFileType = sourcecode.swift; path = I19_nodes.swift; sourceTree = "<group>"; };
		B23935712C103D5C0072CC1D /* I20_regulation.swift */ = {isa = PBXFileReference; lastKnownFileType = sourcecode.swift; path = I20_regulation.swift; sourceTree = "<group>"; };
		B23935732C103E000072CC1D /* A1_monetory.swift */ = {isa = PBXFileReference; lastKnownFileType = sourcecode.swift; path = A1_monetory.swift; sourceTree = "<group>"; };
		B23935752C103E0C0072CC1D /* A2_store.swift */ = {isa = PBXFileReference; lastKnownFileType = sourcecode.swift; path = A2_store.swift; sourceTree = "<group>"; };
		B23935772C103E170072CC1D /* A3_medium.swift */ = {isa = PBXFileReference; lastKnownFileType = sourcecode.swift; path = A3_medium.swift; sourceTree = "<group>"; };
		B23935792C103E220072CC1D /* A4_network_effect.swift */ = {isa = PBXFileReference; lastKnownFileType = sourcecode.swift; path = A4_network_effect.swift; sourceTree = "<group>"; };
		B239357B2C103E300072CC1D /* A5_austrain.swift */ = {isa = PBXFileReference; lastKnownFileType = sourcecode.swift; path = A5_austrain.swift; sourceTree = "<group>"; };
		B239357D2C103E420072CC1D /* A6_deflationary.swift */ = {isa = PBXFileReference; lastKnownFileType = sourcecode.swift; path = A6_deflationary.swift; sourceTree = "<group>"; };
		B239357F2C103E4D0072CC1D /* A7_bubbles.swift */ = {isa = PBXFileReference; lastKnownFileType = sourcecode.swift; path = A7_bubbles.swift; sourceTree = "<group>"; };
		B23935812C103E580072CC1D /* A8_minning.swift */ = {isa = PBXFileReference; lastKnownFileType = sourcecode.swift; path = A8_minning.swift; sourceTree = "<group>"; };
		B23935832C103E620072CC1D /* A9_final.swift */ = {isa = PBXFileReference; lastKnownFileType = sourcecode.swift; path = A9_final.swift; sourceTree = "<group>"; };
		B23935852C103E700072CC1D /* A10_the_future.swift */ = {isa = PBXFileReference; lastKnownFileType = sourcecode.swift; path = A10_the_future.swift; sourceTree = "<group>"; };
		B23935872C103F910072CC1D /* A11_privacy.swift */ = {isa = PBXFileReference; lastKnownFileType = sourcecode.swift; path = A11_privacy.swift; sourceTree = "<group>"; };
		B23935892C103F9D0072CC1D /* A12_quantum.swift */ = {isa = PBXFileReference; lastKnownFileType = sourcecode.swift; path = A12_quantum.swift; sourceTree = "<group>"; };
		B239358B2C103FAA0072CC1D /* A13_security.swift */ = {isa = PBXFileReference; lastKnownFileType = sourcecode.swift; path = A13_security.swift; sourceTree = "<group>"; };
		B239358D2C103FB20072CC1D /* A14_tax.swift */ = {isa = PBXFileReference; lastKnownFileType = sourcecode.swift; path = A14_tax.swift; sourceTree = "<group>"; };
		B239358F2C103FBD0072CC1D /* A15_minning.swift */ = {isa = PBXFileReference; lastKnownFileType = sourcecode.swift; path = A15_minning.swift; sourceTree = "<group>"; };
		B23935912C103FC90072CC1D /* A16_cloud.swift */ = {isa = PBXFileReference; lastKnownFileType = sourcecode.swift; path = A16_cloud.swift; sourceTree = "<group>"; };
		B23935932C103FD80072CC1D /* A17-derivatives.swift */ = {isa = PBXFileReference; lastKnownFileType = sourcecode.swift; path = "A17-derivatives.swift"; sourceTree = "<group>"; };
		B23935952C103FEE0072CC1D /* A18_non_fungable.swift */ = {isa = PBXFileReference; lastKnownFileType = sourcecode.swift; path = A18_non_fungable.swift; sourceTree = "<group>"; };
		B23935972C103FFD0072CC1D /* A19_decentralized.swift */ = {isa = PBXFileReference; lastKnownFileType = sourcecode.swift; path = A19_decentralized.swift; sourceTree = "<group>"; };
		B23935992C10400E0072CC1D /* A20_the_philosophy.swift */ = {isa = PBXFileReference; lastKnownFileType = sourcecode.swift; path = A20_the_philosophy.swift; sourceTree = "<group>"; };
		B239359B2C10401B0072CC1D /* A21_famous.swift */ = {isa = PBXFileReference; lastKnownFileType = sourcecode.swift; path = A21_famous.swift; sourceTree = "<group>"; };
		B239359D2C1040250072CC1D /* A22_real_world.swift */ = {isa = PBXFileReference; lastKnownFileType = sourcecode.swift; path = A22_real_world.swift; sourceTree = "<group>"; };
		B239359F2C10402E0072CC1D /* A23_env.swift */ = {isa = PBXFileReference; lastKnownFileType = sourcecode.swift; path = A23_env.swift; sourceTree = "<group>"; };
		B23935A12C1040410072CC1D /* A24_the_futu.swift */ = {isa = PBXFileReference; lastKnownFileType = sourcecode.swift; path = A24_the_futu.swift; sourceTree = "<group>"; };
		B23935A32C10404E0072CC1D /* A25_ethical.swift */ = {isa = PBXFileReference; lastKnownFileType = sourcecode.swift; path = A25_ethical.swift; sourceTree = "<group>"; };
		B29434522C43D163004C7C1E /* SStext.swift */ = {isa = PBXFileReference; lastKnownFileType = sourcecode.swift; path = SStext.swift; sourceTree = "<group>"; };
		B29434542C43D333004C7C1E /* Text8.swift */ = {isa = PBXFileReference; lastKnownFileType = sourcecode.swift; path = Text8.swift; sourceTree = "<group>"; };
		B29434562C43D468004C7C1E /* Text6.swift */ = {isa = PBXFileReference; lastKnownFileType = sourcecode.swift; path = Text6.swift; sourceTree = "<group>"; };
		B29434582C43D50B004C7C1E /* Text7.swift */ = {isa = PBXFileReference; lastKnownFileType = sourcecode.swift; path = Text7.swift; sourceTree = "<group>"; };
		B294345A2C43D66C004C7C1E /* Text9.swift */ = {isa = PBXFileReference; lastKnownFileType = sourcecode.swift; path = Text9.swift; sourceTree = "<group>"; };
		B2D162712C186B63007B0F31 /* Demo.swift */ = {isa = PBXFileReference; lastKnownFileType = sourcecode.swift; path = Demo.swift; sourceTree = "<group>"; };
		B2D1673B2C244DDB007B0F31 /* Head.swift */ = {isa = PBXFileReference; lastKnownFileType = sourcecode.swift; path = Head.swift; sourceTree = "<group>"; };
		B2D1673D2C244DFE007B0F31 /* Stext.swift */ = {isa = PBXFileReference; lastKnownFileType = sourcecode.swift; path = Stext.swift; sourceTree = "<group>"; };
		B2D167472C255F67007B0F31 /* Text4.swift */ = {isa = PBXFileReference; lastKnownFileType = sourcecode.swift; path = Text4.swift; sourceTree = "<group>"; };
		B2D167492C25612E007B0F31 /* Text5.swift */ = {isa = PBXFileReference; lastKnownFileType = sourcecode.swift; path = Text5.swift; sourceTree = "<group>"; };
		B2D167822C30FEEA007B0F31 /* HapticFeedbackManager.swift */ = {isa = PBXFileReference; lastKnownFileType = sourcecode.swift; path = HapticFeedbackManager.swift; sourceTree = "<group>"; };
		B2D167882C33A0DE007B0F31 /* LinkView.swift */ = {isa = PBXFileReference; lastKnownFileType = sourcecode.swift; path = LinkView.swift; sourceTree = "<group>"; };
		B2DD15A42C142DA900AF3D3B /* ItemRow.swift */ = {isa = PBXFileReference; lastKnownFileType = sourcecode.swift; path = ItemRow.swift; sourceTree = "<group>"; };
		B2DD15AA2C142DDF00AF3D3B /* Item.swift */ = {isa = PBXFileReference; lastKnownFileType = sourcecode.swift; path = Item.swift; sourceTree = "<group>"; };
		B2DD15AE2C142E1300AF3D3B /* ItemContainer.swift */ = {isa = PBXFileReference; lastKnownFileType = sourcecode.swift; path = ItemContainer.swift; sourceTree = "<group>"; };
		B2DD15B02C14686400AF3D3B /* Text1.swift */ = {isa = PBXFileReference; lastKnownFileType = sourcecode.swift; path = Text1.swift; sourceTree = "<group>"; };
		B2DD15B22C14686A00AF3D3B /* Text2.swift */ = {isa = PBXFileReference; lastKnownFileType = sourcecode.swift; path = Text2.swift; sourceTree = "<group>"; };
		B2DD15B42C14687200AF3D3B /* Text3.swift */ = {isa = PBXFileReference; lastKnownFileType = sourcecode.swift; path = Text3.swift; sourceTree = "<group>"; };
/* End PBXFileReference section */

/* Begin PBXFrameworksBuildPhase section */
		B239350F2C0DDF180072CC1D /* Frameworks */ = {
			isa = PBXFrameworksBuildPhase;
			buildActionMask = 2147483647;
			files = (
				B23935252C0DDF290072CC1D /* Lottie in Frameworks */,
			);
			runOnlyForDeploymentPostprocessing = 0;
		};
/* End PBXFrameworksBuildPhase section */

/* Begin PBXGroup section */
		B23935092C0DDF180072CC1D = {
			isa = PBXGroup;
			children = (
				B23935142C0DDF180072CC1D /* Bitcoin */,
				B23935132C0DDF180072CC1D /* Products */,
			);
			sourceTree = "<group>";
		};
		B23935132C0DDF180072CC1D /* Products */ = {
			isa = PBXGroup;
			children = (
				B23935122C0DDF180072CC1D /* Bitcoin.app */,
			);
			name = Products;
			sourceTree = "<group>";
		};
		B23935142C0DDF180072CC1D /* Bitcoin */ = {
			isa = PBXGroup;
			children = (
				B23935152C0DDF180072CC1D /* BitcoinApp.swift */,
				B23935172C0DDF180072CC1D /* ContentView.swift */,
				B23935192C0DDF1A0072CC1D /* Assets.xcassets */,
				B239351B2C0DDF1A0072CC1D /* Preview Content */,
				B23935302C0DDFAB0072CC1D /* Lottie */,
				B23935312C0DDFB10072CC1D /* Ads */,
				B23935322C0DDFB60072CC1D /* Basic */,
				B23935332C0DDFBB0072CC1D /* Intermediate */,
				B23935342C0DDFCA0072CC1D /* Advance */,
				B2D1673A2C244DCE007B0F31 /* Components */,
				B2D167822C30FEEA007B0F31 /* HapticFeedbackManager.swift */,
			);
			path = Bitcoin;
			sourceTree = "<group>";
		};
		B239351B2C0DDF1A0072CC1D /* Preview Content */ = {
			isa = PBXGroup;
			children = (
				B239351C2C0DDF1A0072CC1D /* Preview Assets.xcassets */,
			);
			path = "Preview Content";
			sourceTree = "<group>";
		};
		B23935302C0DDFAB0072CC1D /* Lottie */ = {
			isa = PBXGroup;
			children = (
				B23935262C0DDF380072CC1D /* LottieView.swift */,
			);
			path = Lottie;
			sourceTree = "<group>";
		};
		B23935312C0DDFB10072CC1D /* Ads */ = {
			isa = PBXGroup;
			children = (
				B23935282C0DDF440072CC1D /* BannerAds.swift */,
			);
			path = Ads;
			sourceTree = "<group>";
		};
		B23935322C0DDFB60072CC1D /* Basic */ = {
			isa = PBXGroup;
			children = (
				B239352A2C0DDF4C0072CC1D /* MainBasic.swift */,
				B23935472C0E36B10072CC1D /* B10_bitcoin_future.swift */,
				B23935492C0E36B90072CC1D /* B11_fact.swift */,
				B239353B2C0E35DA0072CC1D /* B4_what_is_crypto.swift */,
				B239353D2C0E35E70072CC1D /* B5_what_is_blockchain.swift */,
				B23935352C0E35AE0072CC1D /* B1_intro.swift */,
				B23935372C0E35B60072CC1D /* b2_history.swift */,
				B23935392C0E35C50072CC1D /* B3_who_is_santoshi_nakamoto.swift */,
				B239353F2C0E363F0072CC1D /* B6_bitcoin_minning.swift */,
				B23935412C0E366B0072CC1D /* B7_bitcoin_sell.swift */,
				B23935432C0E36860072CC1D /* B8_adv_dis.swift */,
				B23935452C0E369A0072CC1D /* B9_bitcoin_application.swift */,
			);
			path = Basic;
			sourceTree = "<group>";
		};
		B23935332C0DDFBB0072CC1D /* Intermediate */ = {
			isa = PBXGroup;
			children = (
				B239352C2C0DDF530072CC1D /* MainIntermediate.swift */,
				B239354B2C103C040072CC1D /* I1_what_is_bitcoin.swift */,
				B239354D2C103C150072CC1D /* I2_the_problem_bitcoin.swift */,
				B239354F2C103C220072CC1D /* I3_decentralized.swift */,
				B23935512C103C300072CC1D /* I4_blockchain.swift */,
				B23935532C103C3C0072CC1D /* I5_proof_of_work.swift */,
				B23935552C103C460072CC1D /* I6_wallets.swift */,
				B23935572C103C530072CC1D /* I7_transaction.swift */,
				B23935592C103C5F0072CC1D /* I8_supply.swift */,
				B239355B2C103C6E0072CC1D /* I9_security.swift */,
				B239355D2C103C7A0072CC1D /* I10_altcoin.swift */,
				B239355F2C103CE60072CC1D /* I11_archtechture.swift */,
				B23935612C103CF30072CC1D /* i12_cryptography.swift */,
				B23935632C103D030072CC1D /* I13_hashing_function.swift */,
				B23935652C103D120072CC1D /* I14_merkle_tree.swift */,
				B23935672C103D240072CC1D /* I15_difficult_adjustment.swift */,
				B23935692C103D310072CC1D /* I16_scalability.swift */,
				B239356B2C103D3C0072CC1D /* I17_smart_contract.swift */,
				B239356D2C103D480072CC1D /* I18_forks.swift */,
				B239356F2C103D530072CC1D /* I19_nodes.swift */,
				B23935712C103D5C0072CC1D /* I20_regulation.swift */,
			);
			path = Intermediate;
			sourceTree = "<group>";
		};
		B23935342C0DDFCA0072CC1D /* Advance */ = {
			isa = PBXGroup;
			children = (
				B239352E2C0DDF5D0072CC1D /* MainAdvance.swift */,
				B23935732C103E000072CC1D /* A1_monetory.swift */,
				B23935752C103E0C0072CC1D /* A2_store.swift */,
				B23935772C103E170072CC1D /* A3_medium.swift */,
				B23935792C103E220072CC1D /* A4_network_effect.swift */,
				B239357B2C103E300072CC1D /* A5_austrain.swift */,
				B239357D2C103E420072CC1D /* A6_deflationary.swift */,
				B239357F2C103E4D0072CC1D /* A7_bubbles.swift */,
				B23935812C103E580072CC1D /* A8_minning.swift */,
				B23935832C103E620072CC1D /* A9_final.swift */,
				B23935852C103E700072CC1D /* A10_the_future.swift */,
				B23935872C103F910072CC1D /* A11_privacy.swift */,
				B23935892C103F9D0072CC1D /* A12_quantum.swift */,
				B239358B2C103FAA0072CC1D /* A13_security.swift */,
				B239358D2C103FB20072CC1D /* A14_tax.swift */,
				B239358F2C103FBD0072CC1D /* A15_minning.swift */,
				B23935912C103FC90072CC1D /* A16_cloud.swift */,
				B23935932C103FD80072CC1D /* A17-derivatives.swift */,
				B23935952C103FEE0072CC1D /* A18_non_fungable.swift */,
				B23935972C103FFD0072CC1D /* A19_decentralized.swift */,
				B23935992C10400E0072CC1D /* A20_the_philosophy.swift */,
				B239359B2C10401B0072CC1D /* A21_famous.swift */,
				B239359D2C1040250072CC1D /* A22_real_world.swift */,
				B239359F2C10402E0072CC1D /* A23_env.swift */,
				B23935A12C1040410072CC1D /* A24_the_futu.swift */,
				B23935A32C10404E0072CC1D /* A25_ethical.swift */,
			);
			path = Advance;
			sourceTree = "<group>";
		};
		B2D1673A2C244DCE007B0F31 /* Components */ = {
			isa = PBXGroup;
			children = (
				B2DD15A42C142DA900AF3D3B /* ItemRow.swift */,
				B2DD15AE2C142E1300AF3D3B /* ItemContainer.swift */,
				B2DD15AA2C142DDF00AF3D3B /* Item.swift */,
				B2DD15B02C14686400AF3D3B /* Text1.swift */,
				B2DD15B22C14686A00AF3D3B /* Text2.swift */,
				B2DD15B42C14687200AF3D3B /* Text3.swift */,
				B2D162712C186B63007B0F31 /* Demo.swift */,
				B2D1673B2C244DDB007B0F31 /* Head.swift */,
				B2D1673D2C244DFE007B0F31 /* Stext.swift */,
				B2D167472C255F67007B0F31 /* Text4.swift */,
				B2D167492C25612E007B0F31 /* Text5.swift */,
				B2D167882C33A0DE007B0F31 /* LinkView.swift */,
				B29434522C43D163004C7C1E /* SStext.swift */,
				B29434542C43D333004C7C1E /* Text8.swift */,
				B29434562C43D468004C7C1E /* Text6.swift */,
				B29434582C43D50B004C7C1E /* Text7.swift */,
				B294345A2C43D66C004C7C1E /* Text9.swift */,
			);
			path = Components;
			sourceTree = "<group>";
		};
/* End PBXGroup section */

/* Begin PBXNativeTarget section */
		B23935112C0DDF180072CC1D /* Bitcoin */ = {
			isa = PBXNativeTarget;
			buildConfigurationList = B23935202C0DDF1A0072CC1D /* Build configuration list for PBXNativeTarget "Bitcoin" */;
			buildPhases = (
				B239350E2C0DDF180072CC1D /* Sources */,
				B239350F2C0DDF180072CC1D /* Frameworks */,
				B23935102C0DDF180072CC1D /* Resources */,
			);
			buildRules = (
			);
			dependencies = (
			);
			name = Bitcoin;
			packageProductDependencies = (
				B23935242C0DDF290072CC1D /* Lottie */,
			);
			productName = Bitcoin;
			productReference = B23935122C0DDF180072CC1D /* Bitcoin.app */;
			productType = "com.apple.product-type.application";
		};
/* End PBXNativeTarget section */

/* Begin PBXProject section */
		B239350A2C0DDF180072CC1D /* Project object */ = {
			isa = PBXProject;
			attributes = {
				BuildIndependentTargetsInParallel = 1;
				LastSwiftUpdateCheck = 1520;
				LastUpgradeCheck = 1520;
				TargetAttributes = {
					B23935112C0DDF180072CC1D = {
						CreatedOnToolsVersion = 15.2;
					};
				};
			};
			buildConfigurationList = B239350D2C0DDF180072CC1D /* Build configuration list for PBXProject "Bitcoin" */;
			compatibilityVersion = "Xcode 14.0";
			developmentRegion = en;
			hasScannedForEncodings = 0;
			knownRegions = (
				en,
				Base,
			);
			mainGroup = B23935092C0DDF180072CC1D;
			packageReferences = (
				B23935232C0DDF290072CC1D /* XCRemoteSwiftPackageReference "lottie-ios" */,
			);
			productRefGroup = B23935132C0DDF180072CC1D /* Products */;
			projectDirPath = "";
			projectRoot = "";
			targets = (
				B23935112C0DDF180072CC1D /* Bitcoin */,
			);
		};
/* End PBXProject section */

/* Begin PBXResourcesBuildPhase section */
		B23935102C0DDF180072CC1D /* Resources */ = {
			isa = PBXResourcesBuildPhase;
			buildActionMask = 2147483647;
			files = (
				B239351D2C0DDF1A0072CC1D /* Preview Assets.xcassets in Resources */,
				B239351A2C0DDF1A0072CC1D /* Assets.xcassets in Resources */,
			);
			runOnlyForDeploymentPostprocessing = 0;
		};
/* End PBXResourcesBuildPhase section */

/* Begin PBXSourcesBuildPhase section */
		B239350E2C0DDF180072CC1D /* Sources */ = {
			isa = PBXSourcesBuildPhase;
			buildActionMask = 2147483647;
			files = (
				B23935762C103E0C0072CC1D /* A2_store.swift in Sources */,
				B23935942C103FD80072CC1D /* A17-derivatives.swift in Sources */,
				B2DD15AF2C142E1300AF3D3B /* ItemContainer.swift in Sources */,
				B23935842C103E620072CC1D /* A9_final.swift in Sources */,
				B239358A2C103F9D0072CC1D /* A12_quantum.swift in Sources */,
				B239359A2C10400E0072CC1D /* A20_the_philosophy.swift in Sources */,
				B239353E2C0E35E70072CC1D /* B5_what_is_blockchain.swift in Sources */,
				B23935742C103E000072CC1D /* A1_monetory.swift in Sources */,
				B23935782C103E170072CC1D /* A3_medium.swift in Sources */,
				B23935292C0DDF440072CC1D /* BannerAds.swift in Sources */,
				B23935962C103FEE0072CC1D /* A18_non_fungable.swift in Sources */,
				B239352B2C0DDF4C0072CC1D /* MainBasic.swift in Sources */,
				B23935722C103D5C0072CC1D /* I20_regulation.swift in Sources */,
				B23935422C0E366B0072CC1D /* B7_bitcoin_sell.swift in Sources */,
				B239358E2C103FB20072CC1D /* A14_tax.swift in Sources */,
				B23935402C0E363F0072CC1D /* B6_bitcoin_minning.swift in Sources */,
				B23935562C103C460072CC1D /* I6_wallets.swift in Sources */,
				B23935862C103E700072CC1D /* A10_the_future.swift in Sources */,
				B23935922C103FC90072CC1D /* A16_cloud.swift in Sources */,
				B239354E2C103C150072CC1D /* I2_the_problem_bitcoin.swift in Sources */,
				B239355E2C103C7A0072CC1D /* I10_altcoin.swift in Sources */,
				B2DD15AB2C142DDF00AF3D3B /* Item.swift in Sources */,
				B2D167892C33A0DE007B0F31 /* LinkView.swift in Sources */,
				B29434532C43D163004C7C1E /* SStext.swift in Sources */,
				B23935A02C10402E0072CC1D /* A23_env.swift in Sources */,
				B239357C2C103E300072CC1D /* A5_austrain.swift in Sources */,
				B239356E2C103D480072CC1D /* I18_forks.swift in Sources */,
				B29434572C43D468004C7C1E /* Text6.swift in Sources */,
				B239359E2C1040250072CC1D /* A22_real_world.swift in Sources */,
				B239356C2C103D3C0072CC1D /* I17_smart_contract.swift in Sources */,
				B23935822C103E580072CC1D /* A8_minning.swift in Sources */,
				B23935522C103C300072CC1D /* I4_blockchain.swift in Sources */,
				B23935602C103CE60072CC1D /* I11_archtechture.swift in Sources */,
				B2D1674A2C25612E007B0F31 /* Text5.swift in Sources */,
				B239357A2C103E220072CC1D /* A4_network_effect.swift in Sources */,
				B23935182C0DDF180072CC1D /* ContentView.swift in Sources */,
				B23935902C103FBD0072CC1D /* A15_minning.swift in Sources */,
				B2D1673C2C244DDB007B0F31 /* Head.swift in Sources */,
				B23935582C103C530072CC1D /* I7_transaction.swift in Sources */,
				B23935662C103D120072CC1D /* I14_merkle_tree.swift in Sources */,
				B2DD15B52C14687200AF3D3B /* Text3.swift in Sources */,
				B239359C2C10401B0072CC1D /* A21_famous.swift in Sources */,
				B23935482C0E36B10072CC1D /* B10_bitcoin_future.swift in Sources */,
				B239352D2C0DDF530072CC1D /* MainIntermediate.swift in Sources */,
				B239353A2C0E35C50072CC1D /* B3_who_is_santoshi_nakamoto.swift in Sources */,
				B23935382C0E35B60072CC1D /* b2_history.swift in Sources */,
				B23935442C0E36860072CC1D /* B8_adv_dis.swift in Sources */,
				B2DD15B32C14686A00AF3D3B /* Text2.swift in Sources */,
				B239358C2C103FAA0072CC1D /* A13_security.swift in Sources */,
				B23935502C103C220072CC1D /* I3_decentralized.swift in Sources */,
				B29434592C43D50B004C7C1E /* Text7.swift in Sources */,
				B239355C2C103C6E0072CC1D /* I9_security.swift in Sources */,
				B2D167832C30FEEA007B0F31 /* HapticFeedbackManager.swift in Sources */,
				B2D162722C186B63007B0F31 /* Demo.swift in Sources */,
				B239352F2C0DDF5D0072CC1D /* MainAdvance.swift in Sources */,
				B23935A22C1040410072CC1D /* A24_the_futu.swift in Sources */,
				B239354A2C0E36B90072CC1D /* B11_fact.swift in Sources */,
				B23935682C103D240072CC1D /* I15_difficult_adjustment.swift in Sources */,
				B23935642C103D030072CC1D /* I13_hashing_function.swift in Sources */,
				B2DD15A52C142DA900AF3D3B /* ItemRow.swift in Sources */,
				B239354C2C103C040072CC1D /* I1_what_is_bitcoin.swift in Sources */,
				B23935542C103C3C0072CC1D /* I5_proof_of_work.swift in Sources */,
				B23935802C103E4D0072CC1D /* A7_bubbles.swift in Sources */,
				B2DD15B12C14686400AF3D3B /* Text1.swift in Sources */,
				B23935162C0DDF180072CC1D /* BitcoinApp.swift in Sources */,
				B23935702C103D530072CC1D /* I19_nodes.swift in Sources */,
				B239357E2C103E420072CC1D /* A6_deflationary.swift in Sources */,
				B29434552C43D333004C7C1E /* Text8.swift in Sources */,
				B23935882C103F910072CC1D /* A11_privacy.swift in Sources */,
				B2D1673E2C244DFE007B0F31 /* Stext.swift in Sources */,
				B23935462C0E369A0072CC1D /* B9_bitcoin_application.swift in Sources */,
				B23935982C103FFD0072CC1D /* A19_decentralized.swift in Sources */,
				B239353C2C0E35DA0072CC1D /* B4_what_is_crypto.swift in Sources */,
				B23935272C0DDF380072CC1D /* LottieView.swift in Sources */,
				B294345B2C43D66C004C7C1E /* Text9.swift in Sources */,
				B2D167482C255F67007B0F31 /* Text4.swift in Sources */,
				B23935362C0E35AE0072CC1D /* B1_intro.swift in Sources */,
				B23935622C103CF30072CC1D /* i12_cryptography.swift in Sources */,
				B23935A42C10404E0072CC1D /* A25_ethical.swift in Sources */,
				B239356A2C103D310072CC1D /* I16_scalability.swift in Sources */,
				B239355A2C103C5F0072CC1D /* I8_supply.swift in Sources */,
			);
			runOnlyForDeploymentPostprocessing = 0;
		};
/* End PBXSourcesBuildPhase section */

/* Begin XCBuildConfiguration section */
		B239351E2C0DDF1A0072CC1D /* Debug */ = {
			isa = XCBuildConfiguration;
			buildSettings = {
				ALWAYS_SEARCH_USER_PATHS = NO;
				ASSETCATALOG_COMPILER_GENERATE_SWIFT_ASSET_SYMBOL_EXTENSIONS = YES;
				CLANG_ANALYZER_NONNULL = YES;
				CLANG_ANALYZER_NUMBER_OBJECT_CONVERSION = YES_AGGRESSIVE;
				CLANG_CXX_LANGUAGE_STANDARD = "gnu++20";
				CLANG_ENABLE_MODULES = YES;
				CLANG_ENABLE_OBJC_ARC = YES;
				CLANG_ENABLE_OBJC_WEAK = YES;
				CLANG_WARN_BLOCK_CAPTURE_AUTORELEASING = YES;
				CLANG_WARN_BOOL_CONVERSION = YES;
				CLANG_WARN_COMMA = YES;
				CLANG_WARN_CONSTANT_CONVERSION = YES;
				CLANG_WARN_DEPRECATED_OBJC_IMPLEMENTATIONS = YES;
				CLANG_WARN_DIRECT_OBJC_ISA_USAGE = YES_ERROR;
				CLANG_WARN_DOCUMENTATION_COMMENTS = YES;
				CLANG_WARN_EMPTY_BODY = YES;
				CLANG_WARN_ENUM_CONVERSION = YES;
				CLANG_WARN_INFINITE_RECURSION = YES;
				CLANG_WARN_INT_CONVERSION = YES;
				CLANG_WARN_NON_LITERAL_NULL_CONVERSION = YES;
				CLANG_WARN_OBJC_IMPLICIT_RETAIN_SELF = YES;
				CLANG_WARN_OBJC_LITERAL_CONVERSION = YES;
				CLANG_WARN_OBJC_ROOT_CLASS = YES_ERROR;
				CLANG_WARN_QUOTED_INCLUDE_IN_FRAMEWORK_HEADER = YES;
				CLANG_WARN_RANGE_LOOP_ANALYSIS = YES;
				CLANG_WARN_STRICT_PROTOTYPES = YES;
				CLANG_WARN_SUSPICIOUS_MOVE = YES;
				CLANG_WARN_UNGUARDED_AVAILABILITY = YES_AGGRESSIVE;
				CLANG_WARN_UNREACHABLE_CODE = YES;
				CLANG_WARN__DUPLICATE_METHOD_MATCH = YES;
				COPY_PHASE_STRIP = NO;
				DEBUG_INFORMATION_FORMAT = dwarf;
				ENABLE_STRICT_OBJC_MSGSEND = YES;
				ENABLE_TESTABILITY = YES;
				ENABLE_USER_SCRIPT_SANDBOXING = YES;
				GCC_C_LANGUAGE_STANDARD = gnu17;
				GCC_DYNAMIC_NO_PIC = NO;
				GCC_NO_COMMON_BLOCKS = YES;
				GCC_OPTIMIZATION_LEVEL = 0;
				GCC_PREPROCESSOR_DEFINITIONS = (
					"DEBUG=1",
					"$(inherited)",
				);
				GCC_WARN_64_TO_32_BIT_CONVERSION = YES;
				GCC_WARN_ABOUT_RETURN_TYPE = YES_ERROR;
				GCC_WARN_UNDECLARED_SELECTOR = YES;
				GCC_WARN_UNINITIALIZED_AUTOS = YES_AGGRESSIVE;
				GCC_WARN_UNUSED_FUNCTION = YES;
				GCC_WARN_UNUSED_VARIABLE = YES;
				IPHONEOS_DEPLOYMENT_TARGET = 17.2;
				LOCALIZATION_PREFERS_STRING_CATALOGS = YES;
				MTL_ENABLE_DEBUG_INFO = INCLUDE_SOURCE;
				MTL_FAST_MATH = YES;
				ONLY_ACTIVE_ARCH = YES;
				SDKROOT = iphoneos;
				SWIFT_ACTIVE_COMPILATION_CONDITIONS = "DEBUG $(inherited)";
				SWIFT_OPTIMIZATION_LEVEL = "-Onone";
			};
			name = Debug;
		};
		B239351F2C0DDF1A0072CC1D /* Release */ = {
			isa = XCBuildConfiguration;
			buildSettings = {
				ALWAYS_SEARCH_USER_PATHS = NO;
				ASSETCATALOG_COMPILER_GENERATE_SWIFT_ASSET_SYMBOL_EXTENSIONS = YES;
				CLANG_ANALYZER_NONNULL = YES;
				CLANG_ANALYZER_NUMBER_OBJECT_CONVERSION = YES_AGGRESSIVE;
				CLANG_CXX_LANGUAGE_STANDARD = "gnu++20";
				CLANG_ENABLE_MODULES = YES;
				CLANG_ENABLE_OBJC_ARC = YES;
				CLANG_ENABLE_OBJC_WEAK = YES;
				CLANG_WARN_BLOCK_CAPTURE_AUTORELEASING = YES;
				CLANG_WARN_BOOL_CONVERSION = YES;
				CLANG_WARN_COMMA = YES;
				CLANG_WARN_CONSTANT_CONVERSION = YES;
				CLANG_WARN_DEPRECATED_OBJC_IMPLEMENTATIONS = YES;
				CLANG_WARN_DIRECT_OBJC_ISA_USAGE = YES_ERROR;
				CLANG_WARN_DOCUMENTATION_COMMENTS = YES;
				CLANG_WARN_EMPTY_BODY = YES;
				CLANG_WARN_ENUM_CONVERSION = YES;
				CLANG_WARN_INFINITE_RECURSION = YES;
				CLANG_WARN_INT_CONVERSION = YES;
				CLANG_WARN_NON_LITERAL_NULL_CONVERSION = YES;
				CLANG_WARN_OBJC_IMPLICIT_RETAIN_SELF = YES;
				CLANG_WARN_OBJC_LITERAL_CONVERSION = YES;
				CLANG_WARN_OBJC_ROOT_CLASS = YES_ERROR;
				CLANG_WARN_QUOTED_INCLUDE_IN_FRAMEWORK_HEADER = YES;
				CLANG_WARN_RANGE_LOOP_ANALYSIS = YES;
				CLANG_WARN_STRICT_PROTOTYPES = YES;
				CLANG_WARN_SUSPICIOUS_MOVE = YES;
				CLANG_WARN_UNGUARDED_AVAILABILITY = YES_AGGRESSIVE;
				CLANG_WARN_UNREACHABLE_CODE = YES;
				CLANG_WARN__DUPLICATE_METHOD_MATCH = YES;
				COPY_PHASE_STRIP = NO;
				DEBUG_INFORMATION_FORMAT = "dwarf-with-dsym";
				ENABLE_NS_ASSERTIONS = NO;
				ENABLE_STRICT_OBJC_MSGSEND = YES;
				ENABLE_USER_SCRIPT_SANDBOXING = YES;
				GCC_C_LANGUAGE_STANDARD = gnu17;
				GCC_NO_COMMON_BLOCKS = YES;
				GCC_WARN_64_TO_32_BIT_CONVERSION = YES;
				GCC_WARN_ABOUT_RETURN_TYPE = YES_ERROR;
				GCC_WARN_UNDECLARED_SELECTOR = YES;
				GCC_WARN_UNINITIALIZED_AUTOS = YES_AGGRESSIVE;
				GCC_WARN_UNUSED_FUNCTION = YES;
				GCC_WARN_UNUSED_VARIABLE = YES;
				IPHONEOS_DEPLOYMENT_TARGET = 17.2;
				LOCALIZATION_PREFERS_STRING_CATALOGS = YES;
				MTL_ENABLE_DEBUG_INFO = NO;
				MTL_FAST_MATH = YES;
				SDKROOT = iphoneos;
				SWIFT_COMPILATION_MODE = wholemodule;
				VALIDATE_PRODUCT = YES;
			};
			name = Release;
		};
		B23935212C0DDF1A0072CC1D /* Debug */ = {
			isa = XCBuildConfiguration;
			buildSettings = {
				ASSETCATALOG_COMPILER_APPICON_NAME = AppIcon;
				ASSETCATALOG_COMPILER_GLOBAL_ACCENT_COLOR_NAME = AccentColor;
				CODE_SIGN_STYLE = Automatic;
				CURRENT_PROJECT_VERSION = 1;
				DEVELOPMENT_ASSET_PATHS = "\"Bitcoin/Preview Content\"";
				DEVELOPMENT_TEAM = A5HC2D4NZ4;
				ENABLE_PREVIEWS = YES;
				GENERATE_INFOPLIST_FILE = YES;
				INFOPLIST_KEY_UIApplicationSceneManifest_Generation = YES;
				INFOPLIST_KEY_UIApplicationSupportsIndirectInputEvents = YES;
				INFOPLIST_KEY_UILaunchScreen_Generation = YES;
				INFOPLIST_KEY_UISupportedInterfaceOrientations_iPad = "UIInterfaceOrientationPortrait UIInterfaceOrientationPortraitUpsideDown UIInterfaceOrientationLandscapeLeft UIInterfaceOrientationLandscapeRight";
				INFOPLIST_KEY_UISupportedInterfaceOrientations_iPhone = "UIInterfaceOrientationPortrait UIInterfaceOrientationLandscapeLeft UIInterfaceOrientationLandscapeRight";
				LD_RUNPATH_SEARCH_PATHS = (
					"$(inherited)",
					"@executable_path/Frameworks",
				);
				MARKETING_VERSION = 1.0;
				PRODUCT_BUNDLE_IDENTIFIER = com.akshay.link.Bitcoin;
				PRODUCT_NAME = "$(TARGET_NAME)";
				SWIFT_EMIT_LOC_STRINGS = YES;
				SWIFT_VERSION = 5.0;
				TARGETED_DEVICE_FAMILY = "1,2";
			};
			name = Debug;
		};
		B23935222C0DDF1A0072CC1D /* Release */ = {
			isa = XCBuildConfiguration;
			buildSettings = {
				ASSETCATALOG_COMPILER_APPICON_NAME = AppIcon;
				ASSETCATALOG_COMPILER_GLOBAL_ACCENT_COLOR_NAME = AccentColor;
				CODE_SIGN_STYLE = Automatic;
				CURRENT_PROJECT_VERSION = 1;
				DEVELOPMENT_ASSET_PATHS = "\"Bitcoin/Preview Content\"";
				DEVELOPMENT_TEAM = A5HC2D4NZ4;
				ENABLE_PREVIEWS = YES;
				GENERATE_INFOPLIST_FILE = YES;
				INFOPLIST_KEY_UIApplicationSceneManifest_Generation = YES;
				INFOPLIST_KEY_UIApplicationSupportsIndirectInputEvents = YES;
				INFOPLIST_KEY_UILaunchScreen_Generation = YES;
				INFOPLIST_KEY_UISupportedInterfaceOrientations_iPad = "UIInterfaceOrientationPortrait UIInterfaceOrientationPortraitUpsideDown UIInterfaceOrientationLandscapeLeft UIInterfaceOrientationLandscapeRight";
				INFOPLIST_KEY_UISupportedInterfaceOrientations_iPhone = "UIInterfaceOrientationPortrait UIInterfaceOrientationLandscapeLeft UIInterfaceOrientationLandscapeRight";
				LD_RUNPATH_SEARCH_PATHS = (
					"$(inherited)",
					"@executable_path/Frameworks",
				);
				MARKETING_VERSION = 1.0;
				PRODUCT_BUNDLE_IDENTIFIER = com.akshay.link.Bitcoin;
				PRODUCT_NAME = "$(TARGET_NAME)";
				SWIFT_EMIT_LOC_STRINGS = YES;
				SWIFT_VERSION = 5.0;
				TARGETED_DEVICE_FAMILY = "1,2";
			};
			name = Release;
		};
/* End XCBuildConfiguration section */

/* Begin XCConfigurationList section */
		B239350D2C0DDF180072CC1D /* Build configuration list for PBXProject "Bitcoin" */ = {
			isa = XCConfigurationList;
			buildConfigurations = (
				B239351E2C0DDF1A0072CC1D /* Debug */,
				B239351F2C0DDF1A0072CC1D /* Release */,
			);
			defaultConfigurationIsVisible = 0;
			defaultConfigurationName = Release;
		};
		B23935202C0DDF1A0072CC1D /* Build configuration list for PBXNativeTarget "Bitcoin" */ = {
			isa = XCConfigurationList;
			buildConfigurations = (
				B23935212C0DDF1A0072CC1D /* Debug */,
				B23935222C0DDF1A0072CC1D /* Release */,
			);
			defaultConfigurationIsVisible = 0;
			defaultConfigurationName = Release;
		};
/* End XCConfigurationList section */

/* Begin XCRemoteSwiftPackageReference section */
		B23935232C0DDF290072CC1D /* XCRemoteSwiftPackageReference "lottie-ios" */ = {
			isa = XCRemoteSwiftPackageReference;
			repositoryURL = "https://github.com/airbnb/lottie-ios.git";
			requirement = {
				kind = upToNextMajorVersion;
				minimumVersion = 4.4.3;
			};
		};
/* End XCRemoteSwiftPackageReference section */

/* Begin XCSwiftPackageProductDependency section */
		B23935242C0DDF290072CC1D /* Lottie */ = {
			isa = XCSwiftPackageProductDependency;
			package = B23935232C0DDF290072CC1D /* XCRemoteSwiftPackageReference "lottie-ios" */;
			productName = Lottie;
		};
/* End XCSwiftPackageProductDependency section */
	};
	rootObject = B239350A2C0DDF180072CC1D /* Project object */;
}
